
Microsoft Visual Studio Solution File, Format Version 12.00
# Visual Studio Version 16
VisualStudioVersion = 16.0.29209.62
MinimumVisualStudioVersion = 10.0.40219.1
Project("{FAE04EC0-301F-11D3-BF4B-00C04F79EFBC}") = "GameXadrez", "GameXadrez\GameXadrez.csproj", "{B6F4C415-AB1E-4372-A671-EAD2902E494F}"
EndProject
Global
	GlobalSection(SolutionConfigurationPlatforms) = preSolution
		Debug|Any CPU = Debug|Any CPU
		Release|Any CPU = Release|Any CPU
	EndGlobalSection
	GlobalSection(ProjectConfigurationPlatforms) = postSolution
		{B6F4C415-AB1E-4372-A671-EAD2902E494F}.Debug|Any CPU.ActiveCfg = Debug|Any CPU
		{B6F4C415-AB1E-4372-A671-EAD2902E494F}.Debug|Any CPU.Build.0 = Debug|Any CPU
		{B6F4C415-AB1E-4372-A671-EAD2902E494F}.Release|Any CPU.ActiveCfg = Release|Any CPU
		{B6F4C415-AB1E-4372-A671-EAD2902E494F}.Release|Any CPU.Build.0 = Release|Any CPU
	EndGlobalSection
	GlobalSection(SolutionProperties) = preSolution
		HideSolutionNode = FALSE
	EndGlobalSection
	GlobalSection(ExtensibilityGlobals) = postSolution
		SolutionGuid = {7F821B94-D680-40EE-A564-8A1E449018D9}
	EndGlobalSection
EndGlobal
